{
  "name": "MontyHallProblem",
  "version": "0.1.0",
  "lockfileVersion": 1,
  "requires": true,
  "dependencies": {
    "fsmjs": {
      "version": "git+https://github.com/aldumas/fsmjs.git#41fb0410fb1745d8638acb09cb476df57e0d57cd",
      "from": "git+https://github.com/aldumas/fsmjs.git#master"
    }
  }
}
